{
	"name": "wasm_client",
	"version": "1.0.0",
	"lockfileVersion": 3,
	"requires": true,
	"packages": {
		"": {
			"name": "wasm_client",
			"version": "1.0.0",
			"license": "ISC",
			"dependencies": {
				"nes.css": "2.3.0",
				"snes.css": "^1.0.1"
			}
		},
		"node_modules/snes.css": {
			"version": "1.0.1",
			"resolved": "https://registry.npmjs.org/snes.css/-/snes.css-1.0.1.tgz",
			"integrity": "sha512-/QmQt8RgFkSJLq15OBnmqud3Ra+ms9IJyH/x2L6eNIlGHo5BWyLQJP3BsH6L947UPTfbddgVrsRJ88IsXk8c5Q==",
			"license": "MIT",
			"funding": {
				"type": "individual",
				"url": "https://www.paypal.com/donate/?hosted_button_id=RKK3G3FWEAMLU"
			}
		}
	}
}
